// !$*UTF8*$!
{
	archiveVersion = 1;
	classes = {
	};
	objectVersion = 77;
	objects = {

/* Begin PBXContainerItemProxy section */
		C1AB9CE32DEF6FE400F0E250 /* PBXContainerItemProxy */ = {
			isa = PBXContainerItemProxy;
			containerPortal = C1AB9CCD2DEF6FE200F0E250 /* Project object */;
			proxyType = 1;
			remoteGlobalIDString = C1AB9CD42DEF6FE200F0E250;
			remoteInfo = TodoNormal;
		};
		C1AB9CED2DEF6FE400F0E250 /* PBXContainerItemProxy */ = {
			isa = PBXContainerItemProxy;
			containerPortal = C1AB9CCD2DEF6FE200F0E250 /* Project object */;
			proxyType = 1;
			remoteGlobalIDString = C1AB9CD42DEF6FE200F0E250;
			remoteInfo = TodoNormal;
		};
/* End PBXContainerItemProxy section */

/* Begin PBXFileReference section */
		C1AB9CD52DEF6FE200F0E250 /* TodoNormal.app */ = {isa = PBXFileReference; explicitFileType = wrapper.application; includeInIndex = 0; path = TodoNormal.app; sourceTree = BUILT_PRODUCTS_DIR; };
		C1AB9CE22DEF6FE400F0E250 /* TodoNormalTests.xctest */ = {isa = PBXFileReference; explicitFileType = wrapper.cfbundle; includeInIndex = 0; path = TodoNormalTests.xctest; sourceTree = BUILT_PRODUCTS_DIR; };
		C1AB9CEC2DEF6FE400F0E250 /* TodoNormalUITests.xctest */ = {isa = PBXFileReference; explicitFileType = wrapper.cfbundle; includeInIndex = 0; path = TodoNormalUITests.xctest; sourceTree = BUILT_PRODUCTS_DIR; };
/* End PBXFileReference section */

/* Begin PBXFileSystemSynchronizedBuildFileExceptionSet section */
		C1D9D8752E4A4C16008DBB53 /* Exceptions for "TodoNormalTest" folder in "TodoNormalTests" target */ = {
			isa = PBXFileSystemSynchronizedBuildFileExceptionSet;
			membershipExceptions = (
				TodoNormalTests.swift,
			);
			target = C1AB9CE12DEF6FE400F0E250 /* TodoNormalTests */;
		};
		C1D9D8782E4A4C4A008DBB53 /* Exceptions for "TodoNormalTest" folder in "TodoNormal" target */ = {
			isa = PBXFileSystemSynchronizedBuildFileExceptionSet;
			membershipExceptions = (
				TodoNormalTests.swift,
			);
			target = C1AB9CD42DEF6FE200F0E250 /* TodoNormal */;
		};
		C1D9D87D2E4A581E008DBB53 /* Exceptions for "TodoNormalUITests" folder in "TodoNormal" target */ = {
			isa = PBXFileSystemSynchronizedBuildFileExceptionSet;
			membershipExceptions = (
				TodoNormalUITests.swift,
			);
			target = C1AB9CD42DEF6FE200F0E250 /* TodoNormal */;
		};
		C1D9D87F2E4A5821008DBB53 /* Exceptions for "TodoNormalUITests" folder in "TodoNormalUITests" target */ = {
			isa = PBXFileSystemSynchronizedBuildFileExceptionSet;
			membershipExceptions = (
				TodoNormalUITests.swift,
			);
			target = C1AB9CEB2DEF6FE400F0E250 /* TodoNormalUITests */;
		};
/* End PBXFileSystemSynchronizedBuildFileExceptionSet section */

/* Begin PBXFileSystemSynchronizedRootGroup section */
		C1AB9CD72DEF6FE200F0E250 /* TodoNormal */ = {
			isa = PBXFileSystemSynchronizedRootGroup;
			path = TodoNormal;
			sourceTree = "<group>";
		};
		C1D9D8702E4A4B0A008DBB53 /* TodoNormalTest */ = {
			isa = PBXFileSystemSynchronizedRootGroup;
			exceptions = (
				C1D9D8782E4A4C4A008DBB53 /* Exceptions for "TodoNormalTest" folder in "TodoNormal" target */,
				C1D9D8752E4A4C16008DBB53 /* Exceptions for "TodoNormalTest" folder in "TodoNormalTests" target */,
			);
			path = TodoNormalTest;
			sourceTree = "<group>";
		};
		C1D9D8792E4A5805008DBB53 /* TodoNormalUITests */ = {
			isa = PBXFileSystemSynchronizedRootGroup;
			exceptions = (
				C1D9D87D2E4A581E008DBB53 /* Exceptions for "TodoNormalUITests" folder in "TodoNormal" target */,
				C1D9D87F2E4A5821008DBB53 /* Exceptions for "TodoNormalUITests" folder in "TodoNormalUITests" target */,
			);
			path = TodoNormalUITests;
			sourceTree = "<group>";
		};
/* End PBXFileSystemSynchronizedRootGroup section */

/* Begin PBXFrameworksBuildPhase section */
		C1AB9CD22DEF6FE200F0E250 /* Frameworks */ = {
			isa = PBXFrameworksBuildPhase;
			buildActionMask = 2147483647;
			files = (
			);
			runOnlyForDeploymentPostprocessing = 0;
		};
		C1AB9CDF2DEF6FE400F0E250 /* Frameworks */ = {
			isa = PBXFrameworksBuildPhase;
			buildActionMask = 2147483647;
			files = (
			);
			runOnlyForDeploymentPostprocessing = 0;
		};
		C1AB9CE92DEF6FE400F0E250 /* Frameworks */ = {
			isa = PBXFrameworksBuildPhase;
			buildActionMask = 2147483647;
			files = (
			);
			runOnlyForDeploymentPostprocessing = 0;
		};
/* End PBXFrameworksBuildPhase section */

/* Begin PBXGroup section */
		C1AB9CCC2DEF6FE200F0E250 = {
			isa = PBXGroup;
			children = (
				C1D9D8792E4A5805008DBB53 /* TodoNormalUITests */,
				C1D9D8702E4A4B0A008DBB53 /* TodoNormalTest */,
				C1AB9CD72DEF6FE200F0E250 /* TodoNormal */,
				C1AB9CD62DEF6FE200F0E250 /* Products */,
			);
			sourceTree = "<group>";
		};
		C1AB9CD62DEF6FE200F0E250 /* Products */ = {
			isa = PBXGroup;
			children = (
				C1AB9CD52DEF6FE200F0E250 /* TodoNormal.app */,
				C1AB9CE22DEF6FE400F0E250 /* TodoNormalTests.xctest */,
				C1AB9CEC2DEF6FE400F0E250 /* TodoNormalUITests.xctest */,
			);
			name = Products;
			sourceTree = "<group>";
		};
/* End PBXGroup section */

/* Begin PBXNativeTarget section */
		C1AB9CD42DEF6FE200F0E250 /* TodoNormal */ = {
			isa = PBXNativeTarget;
			buildConfigurationList = C1AB9CF62DEF6FE400F0E250 /* Build configuration list for PBXNativeTarget "TodoNormal" */;
			buildPhases = (
				C1AB9CD12DEF6FE200F0E250 /* Sources */,
				C1AB9CD22DEF6FE200F0E250 /* Frameworks */,
				C1AB9CD32DEF6FE200F0E250 /* Resources */,
			);
			buildRules = (
			);
			dependencies = (
			);
			fileSystemSynchronizedGroups = (
				C1AB9CD72DEF6FE200F0E250 /* TodoNormal */,
				C1D9D8702E4A4B0A008DBB53 /* TodoNormalTest */,
				C1D9D8792E4A5805008DBB53 /* TodoNormalUITests */,
			);
			name = TodoNormal;
			packageProductDependencies = (
			);
			productName = TodoNormal;
			productReference = C1AB9CD52DEF6FE200F0E250 /* TodoNormal.app */;
			productType = "com.apple.product-type.application";
		};
		C1AB9CE12DEF6FE400F0E250 /* TodoNormalTests */ = {
			isa = PBXNativeTarget;
			buildConfigurationList = C1AB9CF92DEF6FE400F0E250 /* Build configuration list for PBXNativeTarget "TodoNormalTests" */;
			buildPhases = (
				C1AB9CDE2DEF6FE400F0E250 /* Sources */,
				C1AB9CDF2DEF6FE400F0E250 /* Frameworks */,
				C1AB9CE02DEF6FE400F0E250 /* Resources */,
			);
			buildRules = (
			);
			dependencies = (
				C1AB9CE42DEF6FE400F0E250 /* PBXTargetDependency */,
			);
			name = TodoNormalTests;
			packageProductDependencies = (
			);
			productName = TodoNormalTests;
			productReference = C1AB9CE22DEF6FE400F0E250 /* TodoNormalTests.xctest */;
			productType = "com.apple.product-type.bundle.unit-test";
		};
		C1AB9CEB2DEF6FE400F0E250 /* TodoNormalUITests */ = {
			isa = PBXNativeTarget;
			buildConfigurationList = C1AB9CFC2DEF6FE400F0E250 /* Build configuration list for PBXNativeTarget "TodoNormalUITests" */;
			buildPhases = (
				C1AB9CE82DEF6FE400F0E250 /* Sources */,
				C1AB9CE92DEF6FE400F0E250 /* Frameworks */,
				C1AB9CEA2DEF6FE400F0E250 /* Resources */,
			);
			buildRules = (
			);
			dependencies = (
				C1AB9CEE2DEF6FE400F0E250 /* PBXTargetDependency */,
			);
			name = TodoNormalUITests;
			packageProductDependencies = (
			);
			productName = TodoNormalUITests;
			productReference = C1AB9CEC2DEF6FE400F0E250 /* TodoNormalUITests.xctest */;
			productType = "com.apple.product-type.bundle.ui-testing";
		};
/* End PBXNativeTarget section */

/* Begin PBXProject section */
		C1AB9CCD2DEF6FE200F0E250 /* Project object */ = {
			isa = PBXProject;
			attributes = {
				BuildIndependentTargetsInParallel = 1;
				LastSwiftUpdateCheck = 1640;
				LastUpgradeCheck = 1640;
				TargetAttributes = {
					C1AB9CD42DEF6FE200F0E250 = {
						CreatedOnToolsVersion = 16.4;
					};
					C1AB9CE12DEF6FE400F0E250 = {
						CreatedOnToolsVersion = 16.4;
						TestTargetID = C1AB9CD42DEF6FE200F0E250;
					};
					C1AB9CEB2DEF6FE400F0E250 = {
						CreatedOnToolsVersion = 16.4;
						TestTargetID = C1AB9CD42DEF6FE200F0E250;
					};
				};
			};
			buildConfigurationList = C1AB9CD02DEF6FE200F0E250 /* Build configuration list for PBXProject "TodoNormal" */;
			developmentRegion = en;
			hasScannedForEncodings = 0;
			knownRegions = (
				en,
				Base,
			);
			mainGroup = C1AB9CCC2DEF6FE200F0E250;
			minimizedProjectReferenceProxies = 1;
			preferredProjectObjectVersion = 77;
			productRefGroup = C1AB9CD62DEF6FE200F0E250 /* Products */;
			projectDirPath = "";
			projectRoot = "";
			targets = (
				C1AB9CD42DEF6FE200F0E250 /* TodoNormal */,
				C1AB9CE12DEF6FE400F0E250 /* TodoNormalTests */,
				C1AB9CEB2DEF6FE400F0E250 /* TodoNormalUITests */,
			);
		};
/* End PBXProject section */

/* Begin PBXResourcesBuildPhase section */
		C1AB9CD32DEF6FE200F0E250 /* Resources */ = {
			isa = PBXResourcesBuildPhase;
			buildActionMask = 2147483647;
			files = (
			);
			runOnlyForDeploymentPostprocessing = 0;
		};
		C1AB9CE02DEF6FE400F0E250 /* Resources */ = {
			isa = PBXResourcesBuildPhase;
			buildActionMask = 2147483647;
			files = (
			);
			runOnlyForDeploymentPostprocessing = 0;
		};
		C1AB9CEA2DEF6FE400F0E250 /* Resources */ = {
			isa = PBXResourcesBuildPhase;
			buildActionMask = 2147483647;
			files = (
			);
			runOnlyForDeploymentPostprocessing = 0;
		};
/* End PBXResourcesBuildPhase section */

/* Begin PBXSourcesBuildPhase section */
		C1AB9CD12DEF6FE200F0E250 /* Sources */ = {
			isa = PBXSourcesBuildPhase;
			buildActionMask = 2147483647;
			files = (
			);
			runOnlyForDeploymentPostprocessing = 0;
		};
		C1AB9CDE2DEF6FE400F0E250 /* Sources */ = {
			isa = PBXSourcesBuildPhase;
			buildActionMask = 2147483647;
			files = (
			);
			runOnlyForDeploymentPostprocessing = 0;
		};
		C1AB9CE82DEF6FE400F0E250 /* Sources */ = {
			isa = PBXSourcesBuildPhase;
			buildActionMask = 2147483647;
			files = (
			);
			runOnlyForDeploymentPostprocessing = 0;
		};
/* End PBXSourcesBuildPhase section */

/* Begin PBXTargetDependency section */
		C1AB9CE42DEF6FE400F0E250 /* PBXTargetDependency */ = {
			isa = PBXTargetDependency;
			target = C1AB9CD42DEF6FE200F0E250 /* TodoNormal */;
			targetProxy = C1AB9CE32DEF6FE400F0E250 /* PBXContainerItemProxy */;
		};
		C1AB9CEE2DEF6FE400F0E250 /* PBXTargetDependency */ = {
			isa = PBXTargetDependency;
			target = C1AB9CD42DEF6FE200F0E250 /* TodoNormal */;
			targetProxy = C1AB9CED2DEF6FE400F0E250 /* PBXContainerItemProxy */;
		};
/* End PBXTargetDependency section */

/* Begin XCBuildConfiguration section */
		C1AB9CF42DEF6FE400F0E250 /* Debug */ = {
			isa = XCBuildConfiguration;
			buildSettings = {
				ALWAYS_SEARCH_USER_PATHS = NO;
				ASSETCATALOG_COMPILER_GENERATE_SWIFT_ASSET_SYMBOL_EXTENSIONS = YES;
				CLANG_ANALYZER_NONNULL = YES;
				CLANG_ANALYZER_NUMBER_OBJECT_CONVERSION = YES_AGGRESSIVE;
				CLANG_CXX_LANGUAGE_STANDARD = "gnu++20";
				CLANG_ENABLE_MODULES = YES;
				CLANG_ENABLE_OBJC_ARC = YES;
				CLANG_ENABLE_OBJC_WEAK = YES;
				CLANG_WARN_BLOCK_CAPTURE_AUTORELEASING = YES;
				CLANG_WARN_BOOL_CONVERSION = YES;
				CLANG_WARN_COMMA = YES;
				CLANG_WARN_CONSTANT_CONVERSION = YES;
				CLANG_WARN_DEPRECATED_OBJC_IMPLEMENTATIONS = YES;
				CLANG_WARN_DIRECT_OBJC_ISA_USAGE = YES_ERROR;
				CLANG_WARN_DOCUMENTATION_COMMENTS = YES;
				CLANG_WARN_EMPTY_BODY = YES;
				CLANG_WARN_ENUM_CONVERSION = YES;
				CLANG_WARN_INFINITE_RECURSION = YES;
				CLANG_WARN_INT_CONVERSION = YES;
				CLANG_WARN_NON_LITERAL_NULL_CONVERSION = YES;
				CLANG_WARN_OBJC_IMPLICIT_RETAIN_SELF = YES;
				CLANG_WARN_OBJC_LITERAL_CONVERSION = YES;
				CLANG_WARN_OBJC_ROOT_CLASS = YES_ERROR;
				CLANG_WARN_QUOTED_INCLUDE_IN_FRAMEWORK_HEADER = YES;
				CLANG_WARN_RANGE_LOOP_ANALYSIS = YES;
				CLANG_WARN_STRICT_PROTOTYPES = YES;
				CLANG_WARN_SUSPICIOUS_MOVE = YES;
				CLANG_WARN_UNGUARDED_AVAILABILITY = YES_AGGRESSIVE;
				CLANG_WARN_UNREACHABLE_CODE = YES;
				CLANG_WARN__DUPLICATE_METHOD_MATCH = YES;
				COPY_PHASE_STRIP = NO;
				DEBUG_INFORMATION_FORMAT = dwarf;
				DEVELOPMENT_TEAM = 426H2D8TKH;
				ENABLE_STRICT_OBJC_MSGSEND = YES;
				ENABLE_TESTABILITY = YES;
				ENABLE_USER_SCRIPT_SANDBOXING = YES;
				GCC_C_LANGUAGE_STANDARD = gnu17;
				GCC_DYNAMIC_NO_PIC = NO;
				GCC_NO_COMMON_BLOCKS = YES;
				GCC_OPTIMIZATION_LEVEL = 0;
				GCC_PREPROCESSOR_DEFINITIONS = (
					"DEBUG=1",
					"$(inherited)",
				);
				GCC_WARN_64_TO_32_BIT_CONVERSION = YES;
				GCC_WARN_ABOUT_RETURN_TYPE = YES_ERROR;
				GCC_WARN_UNDECLARED_SELECTOR = YES;
				GCC_WARN_UNINITIALIZED_AUTOS = YES_AGGRESSIVE;
				GCC_WARN_UNUSED_FUNCTION = YES;
				GCC_WARN_UNUSED_VARIABLE = YES;
				IPHONEOS_DEPLOYMENT_TARGET = 18.5;
				LOCALIZATION_PREFERS_STRING_CATALOGS = YES;
				MTL_ENABLE_DEBUG_INFO = INCLUDE_SOURCE;
				MTL_FAST_MATH = YES;
				ONLY_ACTIVE_ARCH = YES;
				SDKROOT = iphoneos;
				SWIFT_ACTIVE_COMPILATION_CONDITIONS = "DEBUG $(inherited)";
				SWIFT_OPTIMIZATION_LEVEL = "-Onone";
				SWIFT_STRICT_CONCURRENCY = complete;
			};
			name = Debug;
		};
		C1AB9CF52DEF6FE400F0E250 /* Release */ = {
			isa = XCBuildConfiguration;
			buildSettings = {
				ALWAYS_SEARCH_USER_PATHS = NO;
				ASSETCATALOG_COMPILER_GENERATE_SWIFT_ASSET_SYMBOL_EXTENSIONS = YES;
				CLANG_ANALYZER_NONNULL = YES;
				CLANG_ANALYZER_NUMBER_OBJECT_CONVERSION = YES_AGGRESSIVE;
				CLANG_CXX_LANGUAGE_STANDARD = "gnu++20";
				CLANG_ENABLE_MODULES = YES;
				CLANG_ENABLE_OBJC_ARC = YES;
				CLANG_ENABLE_OBJC_WEAK = YES;
				CLANG_WARN_BLOCK_CAPTURE_AUTORELEASING = YES;
				CLANG_WARN_BOOL_CONVERSION = YES;
				CLANG_WARN_COMMA = YES;
				CLANG_WARN_CONSTANT_CONVERSION = YES;
				CLANG_WARN_DEPRECATED_OBJC_IMPLEMENTATIONS = YES;
				CLANG_WARN_DIRECT_OBJC_ISA_USAGE = YES_ERROR;
				CLANG_WARN_DOCUMENTATION_COMMENTS = YES;
				CLANG_WARN_EMPTY_BODY = YES;
				CLANG_WARN_ENUM_CONVERSION = YES;
				CLANG_WARN_INFINITE_RECURSION = YES;
				CLANG_WARN_INT_CONVERSION = YES;
				CLANG_WARN_NON_LITERAL_NULL_CONVERSION = YES;
				CLANG_WARN_OBJC_IMPLICIT_RETAIN_SELF = YES;
				CLANG_WARN_OBJC_LITERAL_CONVERSION = YES;
				CLANG_WARN_OBJC_ROOT_CLASS = YES_ERROR;
				CLANG_WARN_QUOTED_INCLUDE_IN_FRAMEWORK_HEADER = YES;
				CLANG_WARN_RANGE_LOOP_ANALYSIS = YES;
				CLANG_WARN_STRICT_PROTOTYPES = YES;
				CLANG_WARN_SUSPICIOUS_MOVE = YES;
				CLANG_WARN_UNGUARDED_AVAILABILITY = YES_AGGRESSIVE;
				CLANG_WARN_UNREACHABLE_CODE = YES;
				CLANG_WARN__DUPLICATE_METHOD_MATCH = YES;
				COPY_PHASE_STRIP = NO;
				DEBUG_INFORMATION_FORMAT = "dwarf-with-dsym";
				DEVELOPMENT_TEAM = 426H2D8TKH;
				ENABLE_NS_ASSERTIONS = NO;
				ENABLE_STRICT_OBJC_MSGSEND = YES;
				ENABLE_USER_SCRIPT_SANDBOXING = YES;
				GCC_C_LANGUAGE_STANDARD = gnu17;
				GCC_NO_COMMON_BLOCKS = YES;
				GCC_WARN_64_TO_32_BIT_CONVERSION = YES;
				GCC_WARN_ABOUT_RETURN_TYPE = YES_ERROR;
				GCC_WARN_UNDECLARED_SELECTOR = YES;
				GCC_WARN_UNINITIALIZED_AUTOS = YES_AGGRESSIVE;
				GCC_WARN_UNUSED_FUNCTION = YES;
				GCC_WARN_UNUSED_VARIABLE = YES;
				IPHONEOS_DEPLOYMENT_TARGET = 18.5;
				LOCALIZATION_PREFERS_STRING_CATALOGS = YES;
				MTL_ENABLE_DEBUG_INFO = NO;
				MTL_FAST_MATH = YES;
				SDKROOT = iphoneos;
				SWIFT_COMPILATION_MODE = wholemodule;
				SWIFT_STRICT_CONCURRENCY = complete;
				VALIDATE_PRODUCT = YES;
			};
			name = Release;
		};
		C1AB9CF72DEF6FE400F0E250 /* Debug */ = {
			isa = XCBuildConfiguration;
			buildSettings = {
				ASSETCATALOG_COMPILER_APPICON_NAME = AppIcon;
				ASSETCATALOG_COMPILER_GLOBAL_ACCENT_COLOR_NAME = AccentColor;
				CODE_SIGN_STYLE = Automatic;
				CURRENT_PROJECT_VERSION = 1;
				DEVELOPMENT_TEAM = 426H2D8TKH;
				ENABLE_PREVIEWS = YES;
				GENERATE_INFOPLIST_FILE = YES;
				INFOPLIST_KEY_UIApplicationSceneManifest_Generation = YES;
				INFOPLIST_KEY_UIApplicationSupportsIndirectInputEvents = YES;
				INFOPLIST_KEY_UILaunchScreen_Generation = YES;
				INFOPLIST_KEY_UISupportedInterfaceOrientations_iPad = "UIInterfaceOrientationPortrait UIInterfaceOrientationPortraitUpsideDown UIInterfaceOrientationLandscapeLeft UIInterfaceOrientationLandscapeRight";
				INFOPLIST_KEY_UISupportedInterfaceOrientations_iPhone = "UIInterfaceOrientationPortrait UIInterfaceOrientationLandscapeLeft UIInterfaceOrientationLandscapeRight";
				IPHONEOS_DEPLOYMENT_TARGET = 17.6;
				LD_RUNPATH_SEARCH_PATHS = (
					"$(inherited)",
					"@executable_path/Frameworks",
				);
				MARKETING_VERSION = 1.0;
				PRODUCT_BUNDLE_IDENTIFIER = Ticoxxo.TodoNormal;
				PRODUCT_NAME = "$(TARGET_NAME)";
				SWIFT_EMIT_LOC_STRINGS = YES;
				SWIFT_VERSION = 5.0;
				TARGETED_DEVICE_FAMILY = "1,2";
			};
			name = Debug;
		};
		C1AB9CF82DEF6FE400F0E250 /* Release */ = {
			isa = XCBuildConfiguration;
			buildSettings = {
				ASSETCATALOG_COMPILER_APPICON_NAME = AppIcon;
				ASSETCATALOG_COMPILER_GLOBAL_ACCENT_COLOR_NAME = AccentColor;
				CODE_SIGN_STYLE = Automatic;
				CURRENT_PROJECT_VERSION = 1;
				DEVELOPMENT_TEAM = 426H2D8TKH;
				ENABLE_PREVIEWS = YES;
				GENERATE_INFOPLIST_FILE = YES;
				INFOPLIST_KEY_UIApplicationSceneManifest_Generation = YES;
				INFOPLIST_KEY_UIApplicationSupportsIndirectInputEvents = YES;
				INFOPLIST_KEY_UILaunchScreen_Generation = YES;
				INFOPLIST_KEY_UISupportedInterfaceOrientations_iPad = "UIInterfaceOrientationPortrait UIInterfaceOrientationPortraitUpsideDown UIInterfaceOrientationLandscapeLeft UIInterfaceOrientationLandscapeRight";
				INFOPLIST_KEY_UISupportedInterfaceOrientations_iPhone = "UIInterfaceOrientationPortrait UIInterfaceOrientationLandscapeLeft UIInterfaceOrientationLandscapeRight";
				IPHONEOS_DEPLOYMENT_TARGET = 17.6;
				LD_RUNPATH_SEARCH_PATHS = (
					"$(inherited)",
					"@executable_path/Frameworks",
				);
				MARKETING_VERSION = 1.0;
				PRODUCT_BUNDLE_IDENTIFIER = Ticoxxo.TodoNormal;
				PRODUCT_NAME = "$(TARGET_NAME)";
				SWIFT_EMIT_LOC_STRINGS = YES;
				SWIFT_VERSION = 5.0;
				TARGETED_DEVICE_FAMILY = "1,2";
			};
			name = Release;
		};
		C1AB9CFA2DEF6FE400F0E250 /* Debug */ = {
			isa = XCBuildConfiguration;
			buildSettings = {
				BUNDLE_LOADER = "$(TEST_HOST)";
				CODE_SIGN_STYLE = Automatic;
				CURRENT_PROJECT_VERSION = 1;
				DEVELOPMENT_TEAM = 426H2D8TKH;
				GENERATE_INFOPLIST_FILE = YES;
				IPHONEOS_DEPLOYMENT_TARGET = 17.6;
				MARKETING_VERSION = 1.0;
				PRODUCT_BUNDLE_IDENTIFIER = Ticoxxo.TodoNormalTests;
				PRODUCT_NAME = "$(TARGET_NAME)";
				SWIFT_EMIT_LOC_STRINGS = NO;
				SWIFT_VERSION = 5.0;
				TARGETED_DEVICE_FAMILY = "1,2";
				TEST_HOST = "$(BUILT_PRODUCTS_DIR)/TodoNormal.app/$(BUNDLE_EXECUTABLE_FOLDER_PATH)/TodoNormal";
			};
			name = Debug;
		};
		C1AB9CFB2DEF6FE400F0E250 /* Release */ = {
			isa = XCBuildConfiguration;
			buildSettings = {
				BUNDLE_LOADER = "$(TEST_HOST)";
				CODE_SIGN_STYLE = Automatic;
				CURRENT_PROJECT_VERSION = 1;
				DEVELOPMENT_TEAM = 426H2D8TKH;
				GENERATE_INFOPLIST_FILE = YES;
				IPHONEOS_DEPLOYMENT_TARGET = 17.6;
				MARKETING_VERSION = 1.0;
				PRODUCT_BUNDLE_IDENTIFIER = Ticoxxo.TodoNormalTests;
				PRODUCT_NAME = "$(TARGET_NAME)";
				SWIFT_EMIT_LOC_STRINGS = NO;
				SWIFT_VERSION = 5.0;
				TARGETED_DEVICE_FAMILY = "1,2";
				TEST_HOST = "$(BUILT_PRODUCTS_DIR)/TodoNormal.app/$(BUNDLE_EXECUTABLE_FOLDER_PATH)/TodoNormal";
			};
			name = Release;
		};
		C1AB9CFD2DEF6FE400F0E250 /* Debug */ = {
			isa = XCBuildConfiguration;
			buildSettings = {
				CODE_SIGN_STYLE = Automatic;
				CURRENT_PROJECT_VERSION = 1;
				DEVELOPMENT_TEAM = 426H2D8TKH;
				GENERATE_INFOPLIST_FILE = YES;
				IPHONEOS_DEPLOYMENT_TARGET = 17.6;
				MARKETING_VERSION = 1.0;
				PRODUCT_BUNDLE_IDENTIFIER = Ticoxxo.TodoNormalUITests;
				PRODUCT_NAME = "$(TARGET_NAME)";
				SWIFT_EMIT_LOC_STRINGS = NO;
				SWIFT_VERSION = 5.0;
				TARGETED_DEVICE_FAMILY = "1,2";
				TEST_TARGET_NAME = TodoNormal;
			};
			name = Debug;
		};
		C1AB9CFE2DEF6FE400F0E250 /* Release */ = {
			isa = XCBuildConfiguration;
			buildSettings = {
				CODE_SIGN_STYLE = Automatic;
				CURRENT_PROJECT_VERSION = 1;
				DEVELOPMENT_TEAM = 426H2D8TKH;
				GENERATE_INFOPLIST_FILE = YES;
				IPHONEOS_DEPLOYMENT_TARGET = 17.6;
				MARKETING_VERSION = 1.0;
				PRODUCT_BUNDLE_IDENTIFIER = Ticoxxo.TodoNormalUITests;
				PRODUCT_NAME = "$(TARGET_NAME)";
				SWIFT_EMIT_LOC_STRINGS = NO;
				SWIFT_VERSION = 5.0;
				TARGETED_DEVICE_FAMILY = "1,2";
				TEST_TARGET_NAME = TodoNormal;
			};
			name = Release;
		};
/* End XCBuildConfiguration section */

/* Begin XCConfigurationList section */
		C1AB9CD02DEF6FE200F0E250 /* Build configuration list for PBXProject "TodoNormal" */ = {
			isa = XCConfigurationList;
			buildConfigurations = (
				C1AB9CF42DEF6FE400F0E250 /* Debug */,
				C1AB9CF52DEF6FE400F0E250 /* Release */,
			);
			defaultConfigurationIsVisible = 0;
			defaultConfigurationName = Release;
		};
		C1AB9CF62DEF6FE400F0E250 /* Build configuration list for PBXNativeTarget "TodoNormal" */ = {
			isa = XCConfigurationList;
			buildConfigurations = (
				C1AB9CF72DEF6FE400F0E250 /* Debug */,
				C1AB9CF82DEF6FE400F0E250 /* Release */,
			);
			defaultConfigurationIsVisible = 0;
			defaultConfigurationName = Release;
		};
		C1AB9CF92DEF6FE400F0E250 /* Build configuration list for PBXNativeTarget "TodoNormalTests" */ = {
			isa = XCConfigurationList;
			buildConfigurations = (
				C1AB9CFA2DEF6FE400F0E250 /* Debug */,
				C1AB9CFB2DEF6FE400F0E250 /* Release */,
			);
			defaultConfigurationIsVisible = 0;
			defaultConfigurationName = Release;
		};
		C1AB9CFC2DEF6FE400F0E250 /* Build configuration list for PBXNativeTarget "TodoNormalUITests" */ = {
			isa = XCConfigurationList;
			buildConfigurations = (
				C1AB9CFD2DEF6FE400F0E250 /* Debug */,
				C1AB9CFE2DEF6FE400F0E250 /* Release */,
			);
			defaultConfigurationIsVisible = 0;
			defaultConfigurationName = Release;
		};
/* End XCConfigurationList section */
	};
	rootObject = C1AB9CCD2DEF6FE200F0E250 /* Project object */;
}
